
Microsoft Visual Studio Solution File, Format Version 12.00
# Visual Studio Version 17
VisualStudioVersion = 17.14.37314.3 d17.14
MinimumVisualStudioVersion = 10.0.40219.1
Project("{FAE04EC0-301F-11D3-BF4B-00C04F79EFBC}") = "SyncProject", "SyncProject.csproj", "{E9FB087A-CEB8-87B1-6EAA-E22DBD4F7AFA}"
EndProject
Global
	GlobalSection(SolutionConfigurationPlatforms) = preSolution
		Debug|Any CPU = Debug|Any CPU
		Release|Any CPU = Release|Any CPU
	EndGlobalSection
	GlobalSection(ProjectConfigurationPlatforms) = postSolution
		{E9FB087A-CEB8-87B1-6EAA-E22DBD4F7AFA}.Debug|Any CPU.ActiveCfg = Debug|Any CPU
		{E9FB087A-CEB8-87B1-6EAA-E22DBD4F7AFA}.Debug|Any CPU.Build.0 = Debug|Any CPU
		{E9FB087A-CEB8-87B1-6EAA-E22DBD4F7AFA}.Release|Any CPU.ActiveCfg = Release|Any CPU
		{E9FB087A-CEB8-87B1-6EAA-E22DBD4F7AFA}.Release|Any CPU.Build.0 = Release|Any CPU
	EndGlobalSection
	GlobalSection(SolutionProperties) = preSolution
		HideSolutionNode = FALSE
	EndGlobalSection
	GlobalSection(ExtensibilityGlobals) = postSolution
		SolutionGuid = {C74579BE-D79F-41B1-87E5-C043DCDD007C}
	EndGlobalSection
EndGlobal
